
Microsoft Visual Studio Solution File, Format Version 12.00
# Visual Studio Version 16
VisualStudioVersion = 16.0.29709.97
MinimumVisualStudioVersion = 10.0.40219.1
Project("{FAE04EC0-301F-11D3-BF4B-00C04F79EFBC}") = "IteratingTests", "IteratingTests\IteratingTests.csproj", "{9F8AEDDD-3017-4D33-B840-8A13E4093DCD}"
EndProject
Global
	GlobalSection(SolutionConfigurationPlatforms) = preSolution
		Debug|Any CPU = Debug|Any CPU
		Release|Any CPU = Release|Any CPU
	EndGlobalSection
	GlobalSection(ProjectConfigurationPlatforms) = postSolution
		{9F8AEDDD-3017-4D33-B840-8A13E4093DCD}.Debug|Any CPU.ActiveCfg = Debug|Any CPU
		{9F8AEDDD-3017-4D33-B840-8A13E4093DCD}.Debug|Any CPU.Build.0 = Debug|Any CPU
		{9F8AEDDD-3017-4D33-B840-8A13E4093DCD}.Release|Any CPU.ActiveCfg = Release|Any CPU
		{9F8AEDDD-3017-4D33-B840-8A13E4093DCD}.Release|Any CPU.Build.0 = Release|Any CPU
	EndGlobalSection
	GlobalSection(SolutionProperties) = preSolution
		HideSolutionNode = FALSE
	EndGlobalSection
	GlobalSection(ExtensibilityGlobals) = postSolution
		SolutionGuid = {584E0AB1-221D-4EF3-816A-492FB943CD7C}
	EndGlobalSection
EndGlobal
